
Microsoft Visual Studio Solution File, Format Version 11.00
# Visual Studio 2010
Project("{F2A71F9B-5D33-465A-A702-920D77279786}") = "MarkdownFSharp", "MarkdownFSharp\MarkdownFSharp.fsproj", "{4CB7B583-7656-4CE5-BABE-99D08C90E366}"
EndProject
Global
	GlobalSection(SolutionConfigurationPlatforms) = preSolution
		Debug|Any CPU = Debug|Any CPU
		Release|Any CPU = Release|Any CPU
	EndGlobalSection
	GlobalSection(ProjectConfigurationPlatforms) = postSolution
		{4CB7B583-7656-4CE5-BABE-99D08C90E366}.Debug|Any CPU.ActiveCfg = Debug|Any CPU
		{4CB7B583-7656-4CE5-BABE-99D08C90E366}.Debug|Any CPU.Build.0 = Debug|Any CPU
		{4CB7B583-7656-4CE5-BABE-99D08C90E366}.Release|Any CPU.ActiveCfg = Release|Any CPU
		{4CB7B583-7656-4CE5-BABE-99D08C90E366}.Release|Any CPU.Build.0 = Release|Any CPU
	EndGlobalSection
	GlobalSection(SolutionProperties) = preSolution
		HideSolutionNode = FALSE
	EndGlobalSection
EndGlobal
