
Microsoft Visual Studio Solution File, Format Version 11.00
# Visual Studio 2010
Project("{FAE04EC0-301F-11D3-BF4B-00C04F79EFBC}") = "WidgetCreatorMvc3", "WidgetCreatorMvc3\WidgetCreatorMvc3.csproj", "{B74D31B6-EFDF-4329-9774-15FA43DC4AA8}"
EndProject
Global
	GlobalSection(SolutionConfigurationPlatforms) = preSolution
		Debug|Any CPU = Debug|Any CPU
		Release|Any CPU = Release|Any CPU
	EndGlobalSection
	GlobalSection(ProjectConfigurationPlatforms) = postSolution
		{B74D31B6-EFDF-4329-9774-15FA43DC4AA8}.Debug|Any CPU.ActiveCfg = Debug|Any CPU
		{B74D31B6-EFDF-4329-9774-15FA43DC4AA8}.Debug|Any CPU.Build.0 = Debug|Any CPU
		{B74D31B6-EFDF-4329-9774-15FA43DC4AA8}.Release|Any CPU.ActiveCfg = Release|Any CPU
		{B74D31B6-EFDF-4329-9774-15FA43DC4AA8}.Release|Any CPU.Build.0 = Release|Any CPU
	EndGlobalSection
	GlobalSection(SolutionProperties) = preSolution
		HideSolutionNode = FALSE
	EndGlobalSection
EndGlobal
